
Microsoft Visual Studio Solution File, Format Version 12.00
# Visual Studio Version 17
VisualStudioVersion = 17.13.35825.156 d17.13
MinimumVisualStudioVersion = 10.0.40219.1
Project("{FAE04EC0-301F-11D3-BF4B-00C04F79EFBC}") = "CarLibraryAPI", "CarLibraryAPI.csproj", "{D9997C52-364E-4703-BA17-CAF4A9C7BCD2}"
EndProject
Global
	GlobalSection(SolutionConfigurationPlatforms) = preSolution
		Debug|Any CPU = Debug|Any CPU
		Release|Any CPU = Release|Any CPU
	EndGlobalSection
	GlobalSection(ProjectConfigurationPlatforms) = postSolution
		{D9997C52-364E-4703-BA17-CAF4A9C7BCD2}.Debug|Any CPU.ActiveCfg = Debug|Any CPU
		{D9997C52-364E-4703-BA17-CAF4A9C7BCD2}.Debug|Any CPU.Build.0 = Debug|Any CPU
		{D9997C52-364E-4703-BA17-CAF4A9C7BCD2}.Release|Any CPU.ActiveCfg = Release|Any CPU
		{D9997C52-364E-4703-BA17-CAF4A9C7BCD2}.Release|Any CPU.Build.0 = Release|Any CPU
	EndGlobalSection
	GlobalSection(SolutionProperties) = preSolution
		HideSolutionNode = FALSE
	EndGlobalSection
	GlobalSection(ExtensibilityGlobals) = postSolution
		SolutionGuid = {F25D2393-AF17-4469-B324-F020EB10CD25}
	EndGlobalSection
EndGlobal
